
Microsoft Visual Studio Solution File, Format Version 12.00
# Visual Studio 15
VisualStudioVersion = 15.0.27428.2037
MinimumVisualStudioVersion = 10.0.40219.1
Project("{FAE04EC0-301F-11D3-BF4B-00C04F79EFBC}") = "Week_2-A", "Week_2-A\Week_2-A.csproj", "{B95E9982-164F-475A-8441-55EED31446A0}"
EndProject
Project("{FAE04EC0-301F-11D3-BF4B-00C04F79EFBC}") = "Week_2-A.Tests", "Week_2-A.Tests\Week_2-A.Tests.csproj", "{EE758A8F-5D3B-4BE9-A768-D39850A0F6FF}"
EndProject
Global
	GlobalSection(SolutionConfigurationPlatforms) = preSolution
		Debug|Any CPU = Debug|Any CPU
		Release|Any CPU = Release|Any CPU
	EndGlobalSection
	GlobalSection(ProjectConfigurationPlatforms) = postSolution
		{B95E9982-164F-475A-8441-55EED31446A0}.Debug|Any CPU.ActiveCfg = Debug|Any CPU
		{B95E9982-164F-475A-8441-55EED31446A0}.Debug|Any CPU.Build.0 = Debug|Any CPU
		{B95E9982-164F-475A-8441-55EED31446A0}.Release|Any CPU.ActiveCfg = Release|Any CPU
		{B95E9982-164F-475A-8441-55EED31446A0}.Release|Any CPU.Build.0 = Release|Any CPU
		{EE758A8F-5D3B-4BE9-A768-D39850A0F6FF}.Debug|Any CPU.ActiveCfg = Debug|Any CPU
		{EE758A8F-5D3B-4BE9-A768-D39850A0F6FF}.Debug|Any CPU.Build.0 = Debug|Any CPU
		{EE758A8F-5D3B-4BE9-A768-D39850A0F6FF}.Release|Any CPU.ActiveCfg = Release|Any CPU
		{EE758A8F-5D3B-4BE9-A768-D39850A0F6FF}.Release|Any CPU.Build.0 = Release|Any CPU
	EndGlobalSection
	GlobalSection(SolutionProperties) = preSolution
		HideSolutionNode = FALSE
	EndGlobalSection
	GlobalSection(ExtensibilityGlobals) = postSolution
		SolutionGuid = {CB9ECBF7-BA2E-4F75-A147-C1DA7C0F8AE8}
	EndGlobalSection
EndGlobal
